
Microsoft Visual Studio Solution File, Format Version 12.00
# Visual Studio Version 17
VisualStudioVersion = 17.5.33530.505
MinimumVisualStudioVersion = 10.0.40219.1
Project("{FAE04EC0-301F-11D3-BF4B-00C04F79EFBC}") = "Game1", "Game1\Game1.csproj", "{9999BBAA-A287-403F-8508-A863F095F69A}"
EndProject
Global
	GlobalSection(SolutionConfigurationPlatforms) = preSolution
		Debug|Any CPU = Debug|Any CPU
		Release|Any CPU = Release|Any CPU
	EndGlobalSection
	GlobalSection(ProjectConfigurationPlatforms) = postSolution
		{9999BBAA-A287-403F-8508-A863F095F69A}.Debug|Any CPU.ActiveCfg = Debug|Any CPU
		{9999BBAA-A287-403F-8508-A863F095F69A}.Debug|Any CPU.Build.0 = Debug|Any CPU
		{9999BBAA-A287-403F-8508-A863F095F69A}.Release|Any CPU.ActiveCfg = Release|Any CPU
		{9999BBAA-A287-403F-8508-A863F095F69A}.Release|Any CPU.Build.0 = Release|Any CPU
	EndGlobalSection
	GlobalSection(SolutionProperties) = preSolution
		HideSolutionNode = FALSE
	EndGlobalSection
	GlobalSection(ExtensibilityGlobals) = postSolution
		SolutionGuid = {C5DBD47C-C3EF-4EFB-B773-B30905092505}
	EndGlobalSection
EndGlobal
